
Microsoft Visual Studio Solution File, Format Version 12.00
# Visual Studio Version 17
VisualStudioVersion = 17.2.32630.192
MinimumVisualStudioVersion = 10.0.40219.1
Project("{FAE04EC0-301F-11D3-BF4B-00C04F79EFBC}") = "ITP1_10_A", "ITP1_10_A\ITP1_10_A.csproj", "{32356184-E9DD-4B1A-8A56-E852927D1E5C}"
EndProject
Global
	GlobalSection(SolutionConfigurationPlatforms) = preSolution
		Debug|Any CPU = Debug|Any CPU
		Release|Any CPU = Release|Any CPU
	EndGlobalSection
	GlobalSection(ProjectConfigurationPlatforms) = postSolution
		{32356184-E9DD-4B1A-8A56-E852927D1E5C}.Debug|Any CPU.ActiveCfg = Debug|Any CPU
		{32356184-E9DD-4B1A-8A56-E852927D1E5C}.Debug|Any CPU.Build.0 = Debug|Any CPU
		{32356184-E9DD-4B1A-8A56-E852927D1E5C}.Release|Any CPU.ActiveCfg = Release|Any CPU
		{32356184-E9DD-4B1A-8A56-E852927D1E5C}.Release|Any CPU.Build.0 = Release|Any CPU
	EndGlobalSection
	GlobalSection(SolutionProperties) = preSolution
		HideSolutionNode = FALSE
	EndGlobalSection
	GlobalSection(ExtensibilityGlobals) = postSolution
		SolutionGuid = {EBEA2FDA-AAF2-4913-AA0A-4E9D10078D34}
	EndGlobalSection
EndGlobal
